
Microsoft Visual Studio Solution File, Format Version 12.00
Project("{FAE04EC0-301F-11D3-BF4B-00C04F79EFBC}") = "Functional.Toolkit.OptionType", "src\Functional.Toolkit.OptionType\Functional.Toolkit.OptionType.csproj", "{876E062C-5F5F-49A7-9653-4F08040BDB7C}"
EndProject
Project("{FAE04EC0-301F-11D3-BF4B-00C04F79EFBC}") = "Functional.Toolkit.OptionType.Tests", "tests\Functional.Toolkit.OptionType.Tests\Functional.Toolkit.OptionType.Tests.csproj", "{8D0861BC-4CC5-40C8-A02E-BBD889ECA0B0}"
EndProject
Project("{FAE04EC0-301F-11D3-BF4B-00C04F79EFBC}") = "Functional.Toolkit.OptionType.Samples", "samples\Functional.Toolkit.OptionType.Samples\Functional.Toolkit.OptionType.Samples.csproj", "{A60CAD1C-92FC-4B9D-A84B-ED3CD273BB7A}"
EndProject
Global
	GlobalSection(SolutionConfigurationPlatforms) = preSolution
		Debug|Any CPU = Debug|Any CPU
		Release|Any CPU = Release|Any CPU
	EndGlobalSection
	GlobalSection(ProjectConfigurationPlatforms) = postSolution
		{876E062C-5F5F-49A7-9653-4F08040BDB7C}.Debug|Any CPU.ActiveCfg = Debug|Any CPU
		{876E062C-5F5F-49A7-9653-4F08040BDB7C}.Debug|Any CPU.Build.0 = Debug|Any CPU
		{876E062C-5F5F-49A7-9653-4F08040BDB7C}.Release|Any CPU.ActiveCfg = Release|Any CPU
		{876E062C-5F5F-49A7-9653-4F08040BDB7C}.Release|Any CPU.Build.0 = Release|Any CPU
		{8D0861BC-4CC5-40C8-A02E-BBD889ECA0B0}.Debug|Any CPU.ActiveCfg = Debug|Any CPU
		{8D0861BC-4CC5-40C8-A02E-BBD889ECA0B0}.Debug|Any CPU.Build.0 = Debug|Any CPU
		{8D0861BC-4CC5-40C8-A02E-BBD889ECA0B0}.Release|Any CPU.ActiveCfg = Release|Any CPU
		{8D0861BC-4CC5-40C8-A02E-BBD889ECA0B0}.Release|Any CPU.Build.0 = Release|Any CPU
		{A60CAD1C-92FC-4B9D-A84B-ED3CD273BB7A}.Debug|Any CPU.ActiveCfg = Debug|Any CPU
		{A60CAD1C-92FC-4B9D-A84B-ED3CD273BB7A}.Debug|Any CPU.Build.0 = Debug|Any CPU
		{A60CAD1C-92FC-4B9D-A84B-ED3CD273BB7A}.Release|Any CPU.ActiveCfg = Release|Any CPU
		{A60CAD1C-92FC-4B9D-A84B-ED3CD273BB7A}.Release|Any CPU.Build.0 = Release|Any CPU
	EndGlobalSection
EndGlobal
